<Solution>
  <Folder Name="/Misc/">
    <File Path="Directory.Build.props" />
    <File Path="Directory.Packages.props" />
    <File Path="global.json" />
    <File Path="License.txt" />
    <File Path="NuGet.config" />
    <File Path="Readme.md" />
  </Folder>

  <Project Path="Gress/Gress.csproj" />
  <Project Path="Gress.Demo/Gress.Demo.csproj" />
  <Project Path="Gress.Tests/Gress.Tests.csproj" />
</Solution>
